
Microsoft Visual Studio Solution File, Format Version 12.00
# Visual Studio Version 16
VisualStudioVersion = 16.0.29326.143
MinimumVisualStudioVersion = 10.0.40219.1
Project("{9A19103F-16F7-4668-BE54-9A1E7A4F7556}") = "SessionFeed", "functions\SessionFeed.csproj", "{7FB84E9A-5A72-4641-9526-3434DDF79367}"
EndProject
Global
	GlobalSection(SolutionConfigurationPlatforms) = preSolution
		Debug|Any CPU = Debug|Any CPU
		Release|Any CPU = Release|Any CPU
	EndGlobalSection
	GlobalSection(ProjectConfigurationPlatforms) = postSolution
		{7FB84E9A-5A72-4641-9526-3434DDF79367}.Debug|Any CPU.ActiveCfg = Debug|Any CPU
		{7FB84E9A-5A72-4641-9526-3434DDF79367}.Debug|Any CPU.Build.0 = Debug|Any CPU
		{7FB84E9A-5A72-4641-9526-3434DDF79367}.Release|Any CPU.ActiveCfg = Release|Any CPU
		{7FB84E9A-5A72-4641-9526-3434DDF79367}.Release|Any CPU.Build.0 = Release|Any CPU
	EndGlobalSection
	GlobalSection(SolutionProperties) = preSolution
		HideSolutionNode = FALSE
	EndGlobalSection
	GlobalSection(ExtensibilityGlobals) = postSolution
		SolutionGuid = {0F1BE149-B40D-4F3C-B0E9-79987AAFAC01}
	EndGlobalSection
EndGlobal
